{
  "object": {
    "pins": [
      {
        "package": "KeyboardGuide",
        "repositoryURL": "https://github.com/niw/KeyboardGuide",
        "state": {
          "branch": null,
          "revision": "f52e9881d8aa9b93dd76b9596e4d2c40a9b99308",
          "version": "0.2.0"
        }
      },
      {
        "package": "TwitterTextEditor",
        "repositoryURL": "https://github.com/twitter/TwitterTextEditor",
        "state": {
          "branch": null,
          "revision": "8aa914134c5b6aa46e862de63f239ec0e3b52a91",
          "version": "1.0.0"
        }
      }
    ]
  },
  "version": 1
}
